// !$*UTF8*$!
{
	archiveVersion = 1;
	classes = {
	};
	objectVersion = 50;
	objects = {

/* Begin PBXBuildFile section */
		98E3F016220D4C5000B5B9E5 /* DetailViewController.swift in Sources */ = {isa = PBXBuildFile; fileRef = 98E3F015220D4C5000B5B9E5 /* DetailViewController.swift */; };
		98FA2DA7220CA0FE008F58D7 /* AppDelegate.swift in Sources */ = {isa = PBXBuildFile; fileRef = 98FA2DA6220CA0FE008F58D7 /* AppDelegate.swift */; };
		98FA2DA9220CA0FE008F58D7 /* MainViewController.swift in Sources */ = {isa = PBXBuildFile; fileRef = 98FA2DA8220CA0FE008F58D7 /* MainViewController.swift */; };
		98FA2DAC220CA0FE008F58D7 /* Main.storyboard in Resources */ = {isa = PBXBuildFile; fileRef = 98FA2DAA220CA0FE008F58D7 /* Main.storyboard */; };
		98FA2DAE220CA0FF008F58D7 /* Assets.xcassets in Resources */ = {isa = PBXBuildFile; fileRef = 98FA2DAD220CA0FF008F58D7 /* Assets.xcassets */; };
		98FA2DB1220CA0FF008F58D7 /* LaunchScreen.storyboard in Resources */ = {isa = PBXBuildFile; fileRef = 98FA2DAF220CA0FF008F58D7 /* LaunchScreen.storyboard */; };
		98FA2DB9220CA5E7008F58D7 /* ApiManager.swift in Sources */ = {isa = PBXBuildFile; fileRef = 98FA2DB8220CA5E7008F58D7 /* ApiManager.swift */; };
		98FA2DBC220CAAA1008F58D7 /* University.swift in Sources */ = {isa = PBXBuildFile; fileRef = 98FA2DBB220CAAA1008F58D7 /* University.swift */; };
		98FA2DBE220CB17F008F58D7 /* UniversityManager.swift in Sources */ = {isa = PBXBuildFile; fileRef = 98FA2DBD220CB17F008F58D7 /* UniversityManager.swift */; };
		98FA2DC1220CB61C008F58D7 /* UniversityUITableViewCell.swift in Sources */ = {isa = PBXBuildFile; fileRef = 98FA2DC0220CB61C008F58D7 /* UniversityUITableViewCell.swift */; };
/* End PBXBuildFile section */

/* Begin PBXFileReference section */
		98E3F015220D4C5000B5B9E5 /* DetailViewController.swift */ = {isa = PBXFileReference; lastKnownFileType = sourcecode.swift; path = DetailViewController.swift; sourceTree = "<group>"; };
		98FA2DA3220CA0FE008F58D7 /* University Search.app */ = {isa = PBXFileReference; explicitFileType = wrapper.application; includeInIndex = 0; path = "University Search.app"; sourceTree = BUILT_PRODUCTS_DIR; };
		98FA2DA6220CA0FE008F58D7 /* AppDelegate.swift */ = {isa = PBXFileReference; lastKnownFileType = sourcecode.swift; path = AppDelegate.swift; sourceTree = "<group>"; };
		98FA2DA8220CA0FE008F58D7 /* MainViewController.swift */ = {isa = PBXFileReference; lastKnownFileType = sourcecode.swift; path = MainViewController.swift; sourceTree = "<group>"; };
		98FA2DAB220CA0FE008F58D7 /* Base */ = {isa = PBXFileReference; lastKnownFileType = file.storyboard; name = Base; path = Base.lproj/Main.storyboard; sourceTree = "<group>"; };
		98FA2DAD220CA0FF008F58D7 /* Assets.xcassets */ = {isa = PBXFileReference; lastKnownFileType = folder.assetcatalog; path = Assets.xcassets; sourceTree = "<group>"; };
		98FA2DB0220CA0FF008F58D7 /* Base */ = {isa = PBXFileReference; lastKnownFileType = file.storyboard; name = Base; path = Base.lproj/LaunchScreen.storyboard; sourceTree = "<group>"; };
		98FA2DB2220CA0FF008F58D7 /* Info.plist */ = {isa = PBXFileReference; lastKnownFileType = text.plist.xml; path = Info.plist; sourceTree = "<group>"; };
		98FA2DB8220CA5E7008F58D7 /* ApiManager.swift */ = {isa = PBXFileReference; lastKnownFileType = sourcecode.swift; path = ApiManager.swift; sourceTree = "<group>"; };
		98FA2DBB220CAAA1008F58D7 /* University.swift */ = {isa = PBXFileReference; lastKnownFileType = sourcecode.swift; path = University.swift; sourceTree = "<group>"; };
		98FA2DBD220CB17F008F58D7 /* UniversityManager.swift */ = {isa = PBXFileReference; lastKnownFileType = sourcecode.swift; path = UniversityManager.swift; sourceTree = "<group>"; };
		98FA2DC0220CB61C008F58D7 /* UniversityUITableViewCell.swift */ = {isa = PBXFileReference; lastKnownFileType = sourcecode.swift; path = UniversityUITableViewCell.swift; sourceTree = "<group>"; };
/* End PBXFileReference section */

/* Begin PBXFrameworksBuildPhase section */
		98FA2DA0220CA0FE008F58D7 /* Frameworks */ = {
			isa = PBXFrameworksBuildPhase;
			buildActionMask = 2147483647;
			files = (
			);
			runOnlyForDeploymentPostprocessing = 0;
		};
/* End PBXFrameworksBuildPhase section */

/* Begin PBXGroup section */
		98FA2D9A220CA0FE008F58D7 = {
			isa = PBXGroup;
			children = (
				98FA2DA5220CA0FE008F58D7 /* University Search */,
				98FA2DA4220CA0FE008F58D7 /* Products */,
			);
			sourceTree = "<group>";
		};
		98FA2DA4220CA0FE008F58D7 /* Products */ = {
			isa = PBXGroup;
			children = (
				98FA2DA3220CA0FE008F58D7 /* University Search.app */,
			);
			name = Products;
			sourceTree = "<group>";
		};
		98FA2DA5220CA0FE008F58D7 /* University Search */ = {
			isa = PBXGroup;
			children = (
				98FA2DC2220CB7DD008F58D7 /* Manager */,
				98FA2DBA220CAA87008F58D7 /* Model */,
				98FA2DBF220CB5E4008F58D7 /* View */,
				98FA2DA6220CA0FE008F58D7 /* AppDelegate.swift */,
				98FA2DA8220CA0FE008F58D7 /* MainViewController.swift */,
				98FA2DAA220CA0FE008F58D7 /* Main.storyboard */,
				98FA2DAD220CA0FF008F58D7 /* Assets.xcassets */,
				98FA2DAF220CA0FF008F58D7 /* LaunchScreen.storyboard */,
				98FA2DB2220CA0FF008F58D7 /* Info.plist */,
			);
			path = "University Search";
			sourceTree = "<group>";
		};
		98FA2DBA220CAA87008F58D7 /* Model */ = {
			isa = PBXGroup;
			children = (
				98FA2DBB220CAAA1008F58D7 /* University.swift */,
			);
			path = Model;
			sourceTree = "<group>";
		};
		98FA2DBF220CB5E4008F58D7 /* View */ = {
			isa = PBXGroup;
			children = (
				98FA2DC0220CB61C008F58D7 /* UniversityUITableViewCell.swift */,
				98E3F015220D4C5000B5B9E5 /* DetailViewController.swift */,
			);
			path = View;
			sourceTree = "<group>";
		};
		98FA2DC2220CB7DD008F58D7 /* Manager */ = {
			isa = PBXGroup;
			children = (
				98FA2DB8220CA5E7008F58D7 /* ApiManager.swift */,
				98FA2DBD220CB17F008F58D7 /* UniversityManager.swift */,
			);
			path = Manager;
			sourceTree = "<group>";
		};
/* End PBXGroup section */

/* Begin PBXNativeTarget section */
		98FA2DA2220CA0FE008F58D7 /* University Search */ = {
			isa = PBXNativeTarget;
			buildConfigurationList = 98FA2DB5220CA0FF008F58D7 /* Build configuration list for PBXNativeTarget "University Search" */;
			buildPhases = (
				98FA2D9F220CA0FE008F58D7 /* Sources */,
				98FA2DA0220CA0FE008F58D7 /* Frameworks */,
				98FA2DA1220CA0FE008F58D7 /* Resources */,
			);
			buildRules = (
			);
			dependencies = (
			);
			name = "University Search";
			productName = "University Search";
			productReference = 98FA2DA3220CA0FE008F58D7 /* University Search.app */;
			productType = "com.apple.product-type.application";
		};
/* End PBXNativeTarget section */

/* Begin PBXProject section */
		98FA2D9B220CA0FE008F58D7 /* Project object */ = {
			isa = PBXProject;
			attributes = {
				LastSwiftUpdateCheck = 1010;
				LastUpgradeCheck = 1010;
				ORGANIZATIONNAME = "Mikhail Yaskou";
				TargetAttributes = {
					98FA2DA2220CA0FE008F58D7 = {
						CreatedOnToolsVersion = 10.1;
					};
				};
			};
			buildConfigurationList = 98FA2D9E220CA0FE008F58D7 /* Build configuration list for PBXProject "University Search" */;
			compatibilityVersion = "Xcode 9.3";
			developmentRegion = en;
			hasScannedForEncodings = 0;
			knownRegions = (
				en,
				Base,
			);
			mainGroup = 98FA2D9A220CA0FE008F58D7;
			productRefGroup = 98FA2DA4220CA0FE008F58D7 /* Products */;
			projectDirPath = "";
			projectRoot = "";
			targets = (
				98FA2DA2220CA0FE008F58D7 /* University Search */,
			);
		};
/* End PBXProject section */

/* Begin PBXResourcesBuildPhase section */
		98FA2DA1220CA0FE008F58D7 /* Resources */ = {
			isa = PBXResourcesBuildPhase;
			buildActionMask = 2147483647;
			files = (
				98FA2DB1220CA0FF008F58D7 /* LaunchScreen.storyboard in Resources */,
				98FA2DAE220CA0FF008F58D7 /* Assets.xcassets in Resources */,
				98FA2DAC220CA0FE008F58D7 /* Main.storyboard in Resources */,
			);
			runOnlyForDeploymentPostprocessing = 0;
		};
/* End PBXResourcesBuildPhase section */

/* Begin PBXSourcesBuildPhase section */
		98FA2D9F220CA0FE008F58D7 /* Sources */ = {
			isa = PBXSourcesBuildPhase;
			buildActionMask = 2147483647;
			files = (
				98FA2DA9220CA0FE008F58D7 /* MainViewController.swift in Sources */,
				98FA2DBC220CAAA1008F58D7 /* University.swift in Sources */,
				98FA2DB9220CA5E7008F58D7 /* ApiManager.swift in Sources */,
				98FA2DC1220CB61C008F58D7 /* UniversityUITableViewCell.swift in Sources */,
				98FA2DBE220CB17F008F58D7 /* UniversityManager.swift in Sources */,
				98FA2DA7220CA0FE008F58D7 /* AppDelegate.swift in Sources */,
				98E3F016220D4C5000B5B9E5 /* DetailViewController.swift in Sources */,
			);
			runOnlyForDeploymentPostprocessing = 0;
		};
/* End PBXSourcesBuildPhase section */

/* Begin PBXVariantGroup section */
		98FA2DAA220CA0FE008F58D7 /* Main.storyboard */ = {
			isa = PBXVariantGroup;
			children = (
				98FA2DAB220CA0FE008F58D7 /* Base */,
			);
			name = Main.storyboard;
			sourceTree = "<group>";
		};
		98FA2DAF220CA0FF008F58D7 /* LaunchScreen.storyboard */ = {
			isa = PBXVariantGroup;
			children = (
				98FA2DB0220CA0FF008F58D7 /* Base */,
			);
			name = LaunchScreen.storyboard;
			sourceTree = "<group>";
		};
/* End PBXVariantGroup section */

/* Begin XCBuildConfiguration section */
		98FA2DB3220CA0FF008F58D7 /* Debug */ = {
			isa = XCBuildConfiguration;
			buildSettings = {
				ALWAYS_SEARCH_USER_PATHS = NO;
				CLANG_ANALYZER_NONNULL = YES;
				CLANG_ANALYZER_NUMBER_OBJECT_CONVERSION = YES_AGGRESSIVE;
				CLANG_CXX_LANGUAGE_STANDARD = "gnu++14";
				CLANG_CXX_LIBRARY = "libc++";
				CLANG_ENABLE_MODULES = YES;
				CLANG_ENABLE_OBJC_ARC = YES;
				CLANG_ENABLE_OBJC_WEAK = YES;
				CLANG_WARN_BLOCK_CAPTURE_AUTORELEASING = YES;
				CLANG_WARN_BOOL_CONVERSION = YES;
				CLANG_WARN_COMMA = YES;
				CLANG_WARN_CONSTANT_CONVERSION = YES;
				CLANG_WARN_DEPRECATED_OBJC_IMPLEMENTATIONS = YES;
				CLANG_WARN_DIRECT_OBJC_ISA_USAGE = YES_ERROR;
				CLANG_WARN_DOCUMENTATION_COMMENTS = YES;
				CLANG_WARN_EMPTY_BODY = YES;
				CLANG_WARN_ENUM_CONVERSION = YES;
				CLANG_WARN_INFINITE_RECURSION = YES;
				CLANG_WARN_INT_CONVERSION = YES;
				CLANG_WARN_NON_LITERAL_NULL_CONVERSION = YES;
				CLANG_WARN_OBJC_IMPLICIT_RETAIN_SELF = YES;
				CLANG_WARN_OBJC_LITERAL_CONVERSION = YES;
				CLANG_WARN_OBJC_ROOT_CLASS = YES_ERROR;
				CLANG_WARN_RANGE_LOOP_ANALYSIS = YES;
				CLANG_WARN_STRICT_PROTOTYPES = YES;
				CLANG_WARN_SUSPICIOUS_MOVE = YES;
				CLANG_WARN_UNGUARDED_AVAILABILITY = YES_AGGRESSIVE;
				CLANG_WARN_UNREACHABLE_CODE = YES;
				CLANG_WARN__DUPLICATE_METHOD_MATCH = YES;
				CODE_SIGN_IDENTITY = "iPhone Developer";
				COPY_PHASE_STRIP = NO;
				DEBUG_INFORMATION_FORMAT = dwarf;
				ENABLE_STRICT_OBJC_MSGSEND = YES;
				ENABLE_TESTABILITY = YES;
				GCC_C_LANGUAGE_STANDARD = gnu11;
				GCC_DYNAMIC_NO_PIC = NO;
				GCC_NO_COMMON_BLOCKS = YES;
				GCC_OPTIMIZATION_LEVEL = 0;
				GCC_PREPROCESSOR_DEFINITIONS = (
					"DEBUG=1",
					"$(inherited)",
				);
				GCC_WARN_64_TO_32_BIT_CONVERSION = YES;
				GCC_WARN_ABOUT_RETURN_TYPE = YES_ERROR;
				GCC_WARN_UNDECLARED_SELECTOR = YES;
				GCC_WARN_UNINITIALIZED_AUTOS = YES_AGGRESSIVE;
				GCC_WARN_UNUSED_FUNCTION = YES;
				GCC_WARN_UNUSED_VARIABLE = YES;
				IPHONEOS_DEPLOYMENT_TARGET = 12.1;
				MTL_ENABLE_DEBUG_INFO = INCLUDE_SOURCE;
				MTL_FAST_MATH = YES;
				ONLY_ACTIVE_ARCH = YES;
				SDKROOT = iphoneos;
				SWIFT_ACTIVE_COMPILATION_CONDITIONS = DEBUG;
				SWIFT_OPTIMIZATION_LEVEL = "-Onone";
			};
			name = Debug;
		};
		98FA2DB4220CA0FF008F58D7 /* Release */ = {
			isa = XCBuildConfiguration;
			buildSettings = {
				ALWAYS_SEARCH_USER_PATHS = NO;
				CLANG_ANALYZER_NONNULL = YES;
				CLANG_ANALYZER_NUMBER_OBJECT_CONVERSION = YES_AGGRESSIVE;
				CLANG_CXX_LANGUAGE_STANDARD = "gnu++14";
				CLANG_CXX_LIBRARY = "libc++";
				CLANG_ENABLE_MODULES = YES;
				CLANG_ENABLE_OBJC_ARC = YES;
				CLANG_ENABLE_OBJC_WEAK = YES;
				CLANG_WARN_BLOCK_CAPTURE_AUTORELEASING = YES;
				CLANG_WARN_BOOL_CONVERSION = YES;
				CLANG_WARN_COMMA = YES;
				CLANG_WARN_CONSTANT_CONVERSION = YES;
				CLANG_WARN_DEPRECATED_OBJC_IMPLEMENTATIONS = YES;
				CLANG_WARN_DIRECT_OBJC_ISA_USAGE = YES_ERROR;
				CLANG_WARN_DOCUMENTATION_COMMENTS = YES;
				CLANG_WARN_EMPTY_BODY = YES;
				CLANG_WARN_ENUM_CONVERSION = YES;
				CLANG_WARN_INFINITE_RECURSION = YES;
				CLANG_WARN_INT_CONVERSION = YES;
				CLANG_WARN_NON_LITERAL_NULL_CONVERSION = YES;
				CLANG_WARN_OBJC_IMPLICIT_RETAIN_SELF = YES;
				CLANG_WARN_OBJC_LITERAL_CONVERSION = YES;
				CLANG_WARN_OBJC_ROOT_CLASS = YES_ERROR;
				CLANG_WARN_RANGE_LOOP_ANALYSIS = YES;
				CLANG_WARN_STRICT_PROTOTYPES = YES;
				CLANG_WARN_SUSPICIOUS_MOVE = YES;
				CLANG_WARN_UNGUARDED_AVAILABILITY = YES_AGGRESSIVE;
				CLANG_WARN_UNREACHABLE_CODE = YES;
				CLANG_WARN__DUPLICATE_METHOD_MATCH = YES;
				CODE_SIGN_IDENTITY = "iPhone Developer";
				COPY_PHASE_STRIP = NO;
				DEBUG_INFORMATION_FORMAT = "dwarf-with-dsym";
				ENABLE_NS_ASSERTIONS = NO;
				ENABLE_STRICT_OBJC_MSGSEND = YES;
				GCC_C_LANGUAGE_STANDARD = gnu11;
				GCC_NO_COMMON_BLOCKS = YES;
				GCC_WARN_64_TO_32_BIT_CONVERSION = YES;
				GCC_WARN_ABOUT_RETURN_TYPE = YES_ERROR;
				GCC_WARN_UNDECLARED_SELECTOR = YES;
				GCC_WARN_UNINITIALIZED_AUTOS = YES_AGGRESSIVE;
				GCC_WARN_UNUSED_FUNCTION = YES;
				GCC_WARN_UNUSED_VARIABLE = YES;
				IPHONEOS_DEPLOYMENT_TARGET = 12.1;
				MTL_ENABLE_DEBUG_INFO = NO;
				MTL_FAST_MATH = YES;
				SDKROOT = iphoneos;
				SWIFT_COMPILATION_MODE = wholemodule;
				SWIFT_OPTIMIZATION_LEVEL = "-O";
				VALIDATE_PRODUCT = YES;
			};
			name = Release;
		};
		98FA2DB6220CA0FF008F58D7 /* Debug */ = {
			isa = XCBuildConfiguration;
			buildSettings = {
				ASSETCATALOG_COMPILER_APPICON_NAME = AppIcon;
				CODE_SIGN_STYLE = Automatic;
				DEVELOPMENT_TEAM = USB64ZNNP6;
				INFOPLIST_FILE = "University Search/Info.plist";
				LD_RUNPATH_SEARCH_PATHS = (
					"$(inherited)",
					"@executable_path/Frameworks",
				);
				PRODUCT_BUNDLE_IDENTIFIER = "com.mikhailyaskou.University-Search";
				PRODUCT_NAME = "$(TARGET_NAME)";
				SWIFT_VERSION = 4.2;
				TARGETED_DEVICE_FAMILY = "1,2";
			};
			name = Debug;
		};
		98FA2DB7220CA0FF008F58D7 /* Release */ = {
			isa = XCBuildConfiguration;
			buildSettings = {
				ASSETCATALOG_COMPILER_APPICON_NAME = AppIcon;
				CODE_SIGN_STYLE = Automatic;
				DEVELOPMENT_TEAM = USB64ZNNP6;
				INFOPLIST_FILE = "University Search/Info.plist";
				LD_RUNPATH_SEARCH_PATHS = (
					"$(inherited)",
					"@executable_path/Frameworks",
				);
				PRODUCT_BUNDLE_IDENTIFIER = "com.mikhailyaskou.University-Search";
				PRODUCT_NAME = "$(TARGET_NAME)";
				SWIFT_VERSION = 4.2;
				TARGETED_DEVICE_FAMILY = "1,2";
			};
			name = Release;
		};
/* End XCBuildConfiguration section */

/* Begin XCConfigurationList section */
		98FA2D9E220CA0FE008F58D7 /* Build configuration list for PBXProject "University Search" */ = {
			isa = XCConfigurationList;
			buildConfigurations = (
				98FA2DB3220CA0FF008F58D7 /* Debug */,
				98FA2DB4220CA0FF008F58D7 /* Release */,
			);
			defaultConfigurationIsVisible = 0;
			defaultConfigurationName = Release;
		};
		98FA2DB5220CA0FF008F58D7 /* Build configuration list for PBXNativeTarget "University Search" */ = {
			isa = XCConfigurationList;
			buildConfigurations = (
				98FA2DB6220CA0FF008F58D7 /* Debug */,
				98FA2DB7220CA0FF008F58D7 /* Release */,
			);
			defaultConfigurationIsVisible = 0;
			defaultConfigurationName = Release;
		};
/* End XCConfigurationList section */
	};
	rootObject = 98FA2D9B220CA0FE008F58D7 /* Project object */;
}
